
Microsoft Visual Studio Solution File, Format Version 12.00
# Visual Studio Version 17
VisualStudioVersion = 17.6.33801.468
MinimumVisualStudioVersion = 10.0.40219.1
Project("{FAE04EC0-301F-11D3-BF4B-00C04F79EFBC}") = "FTP-client-program", "FTP-client-program.csproj", "{7D33D160-4373-4903-B666-1A0599364737}"
EndProject
Global
	GlobalSection(SolutionConfigurationPlatforms) = preSolution
		Debug|Any CPU = Debug|Any CPU
		Release|Any CPU = Release|Any CPU
	EndGlobalSection
	GlobalSection(ProjectConfigurationPlatforms) = postSolution
		{7D33D160-4373-4903-B666-1A0599364737}.Debug|Any CPU.ActiveCfg = Debug|Any CPU
		{7D33D160-4373-4903-B666-1A0599364737}.Debug|Any CPU.Build.0 = Debug|Any CPU
		{7D33D160-4373-4903-B666-1A0599364737}.Release|Any CPU.ActiveCfg = Release|Any CPU
		{7D33D160-4373-4903-B666-1A0599364737}.Release|Any CPU.Build.0 = Release|Any CPU
	EndGlobalSection
	GlobalSection(SolutionProperties) = preSolution
		HideSolutionNode = FALSE
	EndGlobalSection
	GlobalSection(ExtensibilityGlobals) = postSolution
		SolutionGuid = {2842A943-7CC6-4249-9C68-1AB705FF9A3D}
	EndGlobalSection
EndGlobal
